
Microsoft Visual Studio Solution File, Format Version 12.00
# Visual Studio Version 17
VisualStudioVersion = 17.8.34525.116
MinimumVisualStudioVersion = 10.0.40219.1
Project("{FAE04EC0-301F-11D3-BF4B-00C04F79EFBC}") = "PZ2(3-4 монетки)", "PZ2(3-4 монетки)\PZ2(3-4 монетки).csproj", "{99FAA6A6-C929-4A10-9CF1-A4881A3DF0AE}"
EndProject
Global
	GlobalSection(SolutionConfigurationPlatforms) = preSolution
		Debug|Any CPU = Debug|Any CPU
		Release|Any CPU = Release|Any CPU
	EndGlobalSection
	GlobalSection(ProjectConfigurationPlatforms) = postSolution
		{99FAA6A6-C929-4A10-9CF1-A4881A3DF0AE}.Debug|Any CPU.ActiveCfg = Debug|Any CPU
		{99FAA6A6-C929-4A10-9CF1-A4881A3DF0AE}.Debug|Any CPU.Build.0 = Debug|Any CPU
		{99FAA6A6-C929-4A10-9CF1-A4881A3DF0AE}.Release|Any CPU.ActiveCfg = Release|Any CPU
		{99FAA6A6-C929-4A10-9CF1-A4881A3DF0AE}.Release|Any CPU.Build.0 = Release|Any CPU
	EndGlobalSection
	GlobalSection(SolutionProperties) = preSolution
		HideSolutionNode = FALSE
	EndGlobalSection
	GlobalSection(ExtensibilityGlobals) = postSolution
		SolutionGuid = {4350063F-EE72-4F0F-A168-F102FCC8B6A9}
	EndGlobalSection
EndGlobal
